
Microsoft Visual Studio Solution File, Format Version 12.00
# Visual Studio 2013
VisualStudioVersion = 12.0.30501.0
MinimumVisualStudioVersion = 10.0.40219.1
Project("{8BC9CEB8-8B4A-11D0-8D11-00A0C91BC942}") = "zyj_1126(03)", "zyj_1126(03)\zyj_1126(03).vcxproj", "{0A2E9CE3-4762-466A-A8E5-D04D38E8658F}"
EndProject
Global
	GlobalSection(SolutionConfigurationPlatforms) = preSolution
		Debug|Win32 = Debug|Win32
		Release|Win32 = Release|Win32
	EndGlobalSection
	GlobalSection(ProjectConfigurationPlatforms) = postSolution
		{0A2E9CE3-4762-466A-A8E5-D04D38E8658F}.Debug|Win32.ActiveCfg = Debug|Win32
		{0A2E9CE3-4762-466A-A8E5-D04D38E8658F}.Debug|Win32.Build.0 = Debug|Win32
		{0A2E9CE3-4762-466A-A8E5-D04D38E8658F}.Release|Win32.ActiveCfg = Release|Win32
		{0A2E9CE3-4762-466A-A8E5-D04D38E8658F}.Release|Win32.Build.0 = Release|Win32
	EndGlobalSection
	GlobalSection(SolutionProperties) = preSolution
		HideSolutionNode = FALSE
	EndGlobalSection
EndGlobal
