
Microsoft Visual Studio Solution File, Format Version 12.00
# Visual Studio 2013
VisualStudioVersion = 12.0.30501.0
MinimumVisualStudioVersion = 10.0.40219.1
Project("{8BC9CEB8-8B4A-11D0-8D11-00A0C91BC942}") = "zyj_1217(2)", "zyj_1217(2)\zyj_1217(2).vcxproj", "{46AE8BFC-3908-41CD-9942-0AFFE7C7C4AE}"
EndProject
Global
	GlobalSection(SolutionConfigurationPlatforms) = preSolution
		Debug|Win32 = Debug|Win32
		Release|Win32 = Release|Win32
	EndGlobalSection
	GlobalSection(ProjectConfigurationPlatforms) = postSolution
		{46AE8BFC-3908-41CD-9942-0AFFE7C7C4AE}.Debug|Win32.ActiveCfg = Debug|Win32
		{46AE8BFC-3908-41CD-9942-0AFFE7C7C4AE}.Debug|Win32.Build.0 = Debug|Win32
		{46AE8BFC-3908-41CD-9942-0AFFE7C7C4AE}.Release|Win32.ActiveCfg = Release|Win32
		{46AE8BFC-3908-41CD-9942-0AFFE7C7C4AE}.Release|Win32.Build.0 = Release|Win32
	EndGlobalSection
	GlobalSection(SolutionProperties) = preSolution
		HideSolutionNode = FALSE
	EndGlobalSection
EndGlobal
